
Microsoft Visual Studio Solution File, Format Version 12.00
# Visual Studio Version 16
VisualStudioVersion = 16.0.30907.101
MinimumVisualStudioVersion = 10.0.40219.1
Project("{FAE04EC0-301F-11D3-BF4B-00C04F79EFBC}") = "jodycalhoun.tech.web", "jodycalhoun.tech.web.csproj", "{BAA6099A-AC21-4C48-9265-5A52433E6DBA}"
EndProject
Global
	GlobalSection(SolutionConfigurationPlatforms) = preSolution
		Debug|Any CPU = Debug|Any CPU
		Release|Any CPU = Release|Any CPU
	EndGlobalSection
	GlobalSection(ProjectConfigurationPlatforms) = postSolution
		{BAA6099A-AC21-4C48-9265-5A52433E6DBA}.Debug|Any CPU.ActiveCfg = Debug|Any CPU
		{BAA6099A-AC21-4C48-9265-5A52433E6DBA}.Debug|Any CPU.Build.0 = Debug|Any CPU
		{BAA6099A-AC21-4C48-9265-5A52433E6DBA}.Release|Any CPU.ActiveCfg = Release|Any CPU
		{BAA6099A-AC21-4C48-9265-5A52433E6DBA}.Release|Any CPU.Build.0 = Release|Any CPU
	EndGlobalSection
	GlobalSection(SolutionProperties) = preSolution
		HideSolutionNode = FALSE
	EndGlobalSection
	GlobalSection(ExtensibilityGlobals) = postSolution
		SolutionGuid = {D906A8E0-D126-4067-9867-7318EF6BD6EB}
	EndGlobalSection
EndGlobal
